
Microsoft Visual Studio Solution File, Format Version 12.00
# Visual Studio Version 17
VisualStudioVersion = 17.6.33829.357
MinimumVisualStudioVersion = 10.0.40219.1
Project("{FAE04EC0-301F-11D3-BF4B-00C04F79EFBC}") = "hcurl", "hcurl.csproj", "{83721891-0F64-4803-B374-40A1D6ED575E}"
EndProject
Global
	GlobalSection(SolutionConfigurationPlatforms) = preSolution
		Debug|Any CPU = Debug|Any CPU
		Release|Any CPU = Release|Any CPU
	EndGlobalSection
	GlobalSection(ProjectConfigurationPlatforms) = postSolution
		{83721891-0F64-4803-B374-40A1D6ED575E}.Debug|Any CPU.ActiveCfg = Debug|Any CPU
		{83721891-0F64-4803-B374-40A1D6ED575E}.Debug|Any CPU.Build.0 = Debug|Any CPU
		{83721891-0F64-4803-B374-40A1D6ED575E}.Release|Any CPU.ActiveCfg = Release|Any CPU
		{83721891-0F64-4803-B374-40A1D6ED575E}.Release|Any CPU.Build.0 = Release|Any CPU
	EndGlobalSection
	GlobalSection(SolutionProperties) = preSolution
		HideSolutionNode = FALSE
	EndGlobalSection
	GlobalSection(ExtensibilityGlobals) = postSolution
		SolutionGuid = {2A3EA934-DC0F-49CF-90F1-A3773D142E89}
	EndGlobalSection
EndGlobal
